// !$*UTF8*$!
{
	archiveVersion = 1;
	classes = {
	};
	objectVersion = 56;
	objects = {

/* Begin PBXBuildFile section */
		2C98A27B2C54A1F2002E6E3A /* DuplicateTimestampMenuBarApp.swift in Sources */ = {isa = PBXBuildFile; fileRef = 2C98A27A2C54A1F2002E6E3A /* DuplicateTimestampMenuBarApp.swift */; };
		2C98A27D2C54A1F2002E6E3A /* ContentView.swift in Sources */ = {isa = PBXBuildFile; fileRef = 2C98A27C2C54A1F2002E6E3A /* ContentView.swift */; };
		2C98A27F2C54A1F2002E6E3A /* Item.swift in Sources */ = {isa = PBXBuildFile; fileRef = 2C98A27E2C54A1F2002E6E3A /* Item.swift */; };
		2C98A2812C54A1F4002E6E3A /* Assets.xcassets in Resources */ = {isa = PBXBuildFile; fileRef = 2C98A2802C54A1F4002E6E3A /* Assets.xcassets */; };
		2C98A2842C54A1F4002E6E3A /* Preview Assets.xcassets in Resources */ = {isa = PBXBuildFile; fileRef = 2C98A2832C54A1F4002E6E3A /* Preview Assets.xcassets */; };
		2C98A28F2C54A1F5002E6E3A /* DuplicateTimestampMenuBarTests.swift in Sources */ = {isa = PBXBuildFile; fileRef = 2C98A28E2C54A1F5002E6E3A /* DuplicateTimestampMenuBarTests.swift */; };
		2C98A2992C54A1F5002E6E3A /* DuplicateTimestampMenuBarUITests.swift in Sources */ = {isa = PBXBuildFile; fileRef = 2C98A2982C54A1F5002E6E3A /* DuplicateTimestampMenuBarUITests.swift */; };
		2C98A29B2C54A1F5002E6E3A /* DuplicateTimestampMenuBarUITestsLaunchTests.swift in Sources */ = {isa = PBXBuildFile; fileRef = 2C98A29A2C54A1F5002E6E3A /* DuplicateTimestampMenuBarUITestsLaunchTests.swift */; };
		2C98A2A82C54ACDF002E6E3A /* ScriptManager.swift in Sources */ = {isa = PBXBuildFile; fileRef = 2C98A2A72C54ACDF002E6E3A /* ScriptManager.swift */; };
/* End PBXBuildFile section */

/* Begin PBXContainerItemProxy section */
		2C98A28B2C54A1F5002E6E3A /* PBXContainerItemProxy */ = {
			isa = PBXContainerItemProxy;
			containerPortal = 2C98A26F2C54A1F2002E6E3A /* Project object */;
			proxyType = 1;
			remoteGlobalIDString = 2C98A2762C54A1F2002E6E3A;
			remoteInfo = DuplicateTimestampMenuBar;
		};
		2C98A2952C54A1F5002E6E3A /* PBXContainerItemProxy */ = {
			isa = PBXContainerItemProxy;
			containerPortal = 2C98A26F2C54A1F2002E6E3A /* Project object */;
			proxyType = 1;
			remoteGlobalIDString = 2C98A2762C54A1F2002E6E3A;
			remoteInfo = DuplicateTimestampMenuBar;
		};
/* End PBXContainerItemProxy section */

/* Begin PBXFileReference section */
		2C98A2772C54A1F2002E6E3A /* DuplicateTimestampMenuBar.app */ = {isa = PBXFileReference; explicitFileType = wrapper.application; includeInIndex = 0; path = DuplicateTimestampMenuBar.app; sourceTree = BUILT_PRODUCTS_DIR; };
		2C98A27A2C54A1F2002E6E3A /* DuplicateTimestampMenuBarApp.swift */ = {isa = PBXFileReference; lastKnownFileType = sourcecode.swift; path = DuplicateTimestampMenuBarApp.swift; sourceTree = "<group>"; };
		2C98A27C2C54A1F2002E6E3A /* ContentView.swift */ = {isa = PBXFileReference; lastKnownFileType = sourcecode.swift; path = ContentView.swift; sourceTree = "<group>"; };
		2C98A27E2C54A1F2002E6E3A /* Item.swift */ = {isa = PBXFileReference; lastKnownFileType = sourcecode.swift; path = Item.swift; sourceTree = "<group>"; };
		2C98A2802C54A1F4002E6E3A /* Assets.xcassets */ = {isa = PBXFileReference; lastKnownFileType = folder.assetcatalog; path = Assets.xcassets; sourceTree = "<group>"; };
		2C98A2832C54A1F4002E6E3A /* Preview Assets.xcassets */ = {isa = PBXFileReference; lastKnownFileType = folder.assetcatalog; path = "Preview Assets.xcassets"; sourceTree = "<group>"; };
		2C98A2852C54A1F4002E6E3A /* DuplicateTimestampMenuBar.entitlements */ = {isa = PBXFileReference; lastKnownFileType = text.plist.entitlements; path = DuplicateTimestampMenuBar.entitlements; sourceTree = "<group>"; };
		2C98A28A2C54A1F5002E6E3A /* DuplicateTimestampMenuBarTests.xctest */ = {isa = PBXFileReference; explicitFileType = wrapper.cfbundle; includeInIndex = 0; path = DuplicateTimestampMenuBarTests.xctest; sourceTree = BUILT_PRODUCTS_DIR; };
		2C98A28E2C54A1F5002E6E3A /* DuplicateTimestampMenuBarTests.swift */ = {isa = PBXFileReference; lastKnownFileType = sourcecode.swift; path = DuplicateTimestampMenuBarTests.swift; sourceTree = "<group>"; };
		2C98A2942C54A1F5002E6E3A /* DuplicateTimestampMenuBarUITests.xctest */ = {isa = PBXFileReference; explicitFileType = wrapper.cfbundle; includeInIndex = 0; path = DuplicateTimestampMenuBarUITests.xctest; sourceTree = BUILT_PRODUCTS_DIR; };
		2C98A2982C54A1F5002E6E3A /* DuplicateTimestampMenuBarUITests.swift */ = {isa = PBXFileReference; lastKnownFileType = sourcecode.swift; path = DuplicateTimestampMenuBarUITests.swift; sourceTree = "<group>"; };
		2C98A29A2C54A1F5002E6E3A /* DuplicateTimestampMenuBarUITestsLaunchTests.swift */ = {isa = PBXFileReference; lastKnownFileType = sourcecode.swift; path = DuplicateTimestampMenuBarUITestsLaunchTests.swift; sourceTree = "<group>"; };
		2C98A2A72C54ACDF002E6E3A /* ScriptManager.swift */ = {isa = PBXFileReference; lastKnownFileType = sourcecode.swift; name = ScriptManager.swift; path = DuplicateTimestampMenuBar/ScriptManager.swift; sourceTree = "<group>"; };
/* End PBXFileReference section */

/* Begin PBXFrameworksBuildPhase section */
		2C98A2742C54A1F2002E6E3A /* Frameworks */ = {
			isa = PBXFrameworksBuildPhase;
			buildActionMask = 2147483647;
			files = (
			);
			runOnlyForDeploymentPostprocessing = 0;
		};
		2C98A2872C54A1F5002E6E3A /* Frameworks */ = {
			isa = PBXFrameworksBuildPhase;
			buildActionMask = 2147483647;
			files = (
			);
			runOnlyForDeploymentPostprocessing = 0;
		};
		2C98A2912C54A1F5002E6E3A /* Frameworks */ = {
			isa = PBXFrameworksBuildPhase;
			buildActionMask = 2147483647;
			files = (
			);
			runOnlyForDeploymentPostprocessing = 0;
		};
/* End PBXFrameworksBuildPhase section */

/* Begin PBXGroup section */
		2C98A26E2C54A1F2002E6E3A = {
			isa = PBXGroup;
			children = (
				2C98A2A72C54ACDF002E6E3A /* ScriptManager.swift */,
				2C98A2792C54A1F2002E6E3A /* DuplicateTimestampMenuBar */,
				2C98A28D2C54A1F5002E6E3A /* DuplicateTimestampMenuBarTests */,
				2C98A2972C54A1F5002E6E3A /* DuplicateTimestampMenuBarUITests */,
				2C98A2782C54A1F2002E6E3A /* Products */,
			);
			sourceTree = "<group>";
		};
		2C98A2782C54A1F2002E6E3A /* Products */ = {
			isa = PBXGroup;
			children = (
				2C98A2772C54A1F2002E6E3A /* DuplicateTimestampMenuBar.app */,
				2C98A28A2C54A1F5002E6E3A /* DuplicateTimestampMenuBarTests.xctest */,
				2C98A2942C54A1F5002E6E3A /* DuplicateTimestampMenuBarUITests.xctest */,
			);
			name = Products;
			sourceTree = "<group>";
		};
		2C98A2792C54A1F2002E6E3A /* DuplicateTimestampMenuBar */ = {
			isa = PBXGroup;
			children = (
				2C98A27A2C54A1F2002E6E3A /* DuplicateTimestampMenuBarApp.swift */,
				2C98A27C2C54A1F2002E6E3A /* ContentView.swift */,
				2C98A27E2C54A1F2002E6E3A /* Item.swift */,
				2C98A2802C54A1F4002E6E3A /* Assets.xcassets */,
				2C98A2852C54A1F4002E6E3A /* DuplicateTimestampMenuBar.entitlements */,
				2C98A2822C54A1F4002E6E3A /* Preview Content */,
			);
			path = DuplicateTimestampMenuBar;
			sourceTree = "<group>";
		};
		2C98A2822C54A1F4002E6E3A /* Preview Content */ = {
			isa = PBXGroup;
			children = (
				2C98A2832C54A1F4002E6E3A /* Preview Assets.xcassets */,
			);
			path = "Preview Content";
			sourceTree = "<group>";
		};
		2C98A28D2C54A1F5002E6E3A /* DuplicateTimestampMenuBarTests */ = {
			isa = PBXGroup;
			children = (
				2C98A28E2C54A1F5002E6E3A /* DuplicateTimestampMenuBarTests.swift */,
			);
			path = DuplicateTimestampMenuBarTests;
			sourceTree = "<group>";
		};
		2C98A2972C54A1F5002E6E3A /* DuplicateTimestampMenuBarUITests */ = {
			isa = PBXGroup;
			children = (
				2C98A2982C54A1F5002E6E3A /* DuplicateTimestampMenuBarUITests.swift */,
				2C98A29A2C54A1F5002E6E3A /* DuplicateTimestampMenuBarUITestsLaunchTests.swift */,
			);
			path = DuplicateTimestampMenuBarUITests;
			sourceTree = "<group>";
		};
/* End PBXGroup section */

/* Begin PBXNativeTarget section */
		2C98A2762C54A1F2002E6E3A /* DuplicateTimestampMenuBar */ = {
			isa = PBXNativeTarget;
			buildConfigurationList = 2C98A29E2C54A1F5002E6E3A /* Build configuration list for PBXNativeTarget "DuplicateTimestampMenuBar" */;
			buildPhases = (
				2C98A2732C54A1F2002E6E3A /* Sources */,
				2C98A2742C54A1F2002E6E3A /* Frameworks */,
				2C98A2752C54A1F2002E6E3A /* Resources */,
			);
			buildRules = (
			);
			dependencies = (
			);
			name = DuplicateTimestampMenuBar;
			productName = DuplicateTimestampMenuBar;
			productReference = 2C98A2772C54A1F2002E6E3A /* DuplicateTimestampMenuBar.app */;
			productType = "com.apple.product-type.application";
		};
		2C98A2892C54A1F5002E6E3A /* DuplicateTimestampMenuBarTests */ = {
			isa = PBXNativeTarget;
			buildConfigurationList = 2C98A2A12C54A1F5002E6E3A /* Build configuration list for PBXNativeTarget "DuplicateTimestampMenuBarTests" */;
			buildPhases = (
				2C98A2862C54A1F5002E6E3A /* Sources */,
				2C98A2872C54A1F5002E6E3A /* Frameworks */,
				2C98A2882C54A1F5002E6E3A /* Resources */,
			);
			buildRules = (
			);
			dependencies = (
				2C98A28C2C54A1F5002E6E3A /* PBXTargetDependency */,
			);
			name = DuplicateTimestampMenuBarTests;
			productName = DuplicateTimestampMenuBarTests;
			productReference = 2C98A28A2C54A1F5002E6E3A /* DuplicateTimestampMenuBarTests.xctest */;
			productType = "com.apple.product-type.bundle.unit-test";
		};
		2C98A2932C54A1F5002E6E3A /* DuplicateTimestampMenuBarUITests */ = {
			isa = PBXNativeTarget;
			buildConfigurationList = 2C98A2A42C54A1F5002E6E3A /* Build configuration list for PBXNativeTarget "DuplicateTimestampMenuBarUITests" */;
			buildPhases = (
				2C98A2902C54A1F5002E6E3A /* Sources */,
				2C98A2912C54A1F5002E6E3A /* Frameworks */,
				2C98A2922C54A1F5002E6E3A /* Resources */,
			);
			buildRules = (
			);
			dependencies = (
				2C98A2962C54A1F5002E6E3A /* PBXTargetDependency */,
			);
			name = DuplicateTimestampMenuBarUITests;
			productName = DuplicateTimestampMenuBarUITests;
			productReference = 2C98A2942C54A1F5002E6E3A /* DuplicateTimestampMenuBarUITests.xctest */;
			productType = "com.apple.product-type.bundle.ui-testing";
		};
/* End PBXNativeTarget section */

/* Begin PBXProject section */
		2C98A26F2C54A1F2002E6E3A /* Project object */ = {
			isa = PBXProject;
			attributes = {
				BuildIndependentTargetsInParallel = 1;
				LastSwiftUpdateCheck = 1540;
				LastUpgradeCheck = 1540;
				TargetAttributes = {
					2C98A2762C54A1F2002E6E3A = {
						CreatedOnToolsVersion = 15.4;
					};
					2C98A2892C54A1F5002E6E3A = {
						CreatedOnToolsVersion = 15.4;
						TestTargetID = 2C98A2762C54A1F2002E6E3A;
					};
					2C98A2932C54A1F5002E6E3A = {
						CreatedOnToolsVersion = 15.4;
						TestTargetID = 2C98A2762C54A1F2002E6E3A;
					};
				};
			};
			buildConfigurationList = 2C98A2722C54A1F2002E6E3A /* Build configuration list for PBXProject "DuplicateTimestampMenuBar" */;
			compatibilityVersion = "Xcode 14.0";
			developmentRegion = en;
			hasScannedForEncodings = 0;
			knownRegions = (
				en,
				Base,
			);
			mainGroup = 2C98A26E2C54A1F2002E6E3A;
			productRefGroup = 2C98A2782C54A1F2002E6E3A /* Products */;
			projectDirPath = "";
			projectRoot = "";
			targets = (
				2C98A2762C54A1F2002E6E3A /* DuplicateTimestampMenuBar */,
				2C98A2892C54A1F5002E6E3A /* DuplicateTimestampMenuBarTests */,
				2C98A2932C54A1F5002E6E3A /* DuplicateTimestampMenuBarUITests */,
			);
		};
/* End PBXProject section */

/* Begin PBXResourcesBuildPhase section */
		2C98A2752C54A1F2002E6E3A /* Resources */ = {
			isa = PBXResourcesBuildPhase;
			buildActionMask = 2147483647;
			files = (
				2C98A2842C54A1F4002E6E3A /* Preview Assets.xcassets in Resources */,
				2C98A2812C54A1F4002E6E3A /* Assets.xcassets in Resources */,
			);
			runOnlyForDeploymentPostprocessing = 0;
		};
		2C98A2882C54A1F5002E6E3A /* Resources */ = {
			isa = PBXResourcesBuildPhase;
			buildActionMask = 2147483647;
			files = (
			);
			runOnlyForDeploymentPostprocessing = 0;
		};
		2C98A2922C54A1F5002E6E3A /* Resources */ = {
			isa = PBXResourcesBuildPhase;
			buildActionMask = 2147483647;
			files = (
			);
			runOnlyForDeploymentPostprocessing = 0;
		};
/* End PBXResourcesBuildPhase section */

/* Begin PBXSourcesBuildPhase section */
		2C98A2732C54A1F2002E6E3A /* Sources */ = {
			isa = PBXSourcesBuildPhase;
			buildActionMask = 2147483647;
			files = (
				2C98A2A82C54ACDF002E6E3A /* ScriptManager.swift in Sources */,
				2C98A27D2C54A1F2002E6E3A /* ContentView.swift in Sources */,
				2C98A27F2C54A1F2002E6E3A /* Item.swift in Sources */,
				2C98A27B2C54A1F2002E6E3A /* DuplicateTimestampMenuBarApp.swift in Sources */,
			);
			runOnlyForDeploymentPostprocessing = 0;
		};
		2C98A2862C54A1F5002E6E3A /* Sources */ = {
			isa = PBXSourcesBuildPhase;
			buildActionMask = 2147483647;
			files = (
				2C98A28F2C54A1F5002E6E3A /* DuplicateTimestampMenuBarTests.swift in Sources */,
			);
			runOnlyForDeploymentPostprocessing = 0;
		};
		2C98A2902C54A1F5002E6E3A /* Sources */ = {
			isa = PBXSourcesBuildPhase;
			buildActionMask = 2147483647;
			files = (
				2C98A29B2C54A1F5002E6E3A /* DuplicateTimestampMenuBarUITestsLaunchTests.swift in Sources */,
				2C98A2992C54A1F5002E6E3A /* DuplicateTimestampMenuBarUITests.swift in Sources */,
			);
			runOnlyForDeploymentPostprocessing = 0;
		};
/* End PBXSourcesBuildPhase section */

/* Begin PBXTargetDependency section */
		2C98A28C2C54A1F5002E6E3A /* PBXTargetDependency */ = {
			isa = PBXTargetDependency;
			target = 2C98A2762C54A1F2002E6E3A /* DuplicateTimestampMenuBar */;
			targetProxy = 2C98A28B2C54A1F5002E6E3A /* PBXContainerItemProxy */;
		};
		2C98A2962C54A1F5002E6E3A /* PBXTargetDependency */ = {
			isa = PBXTargetDependency;
			target = 2C98A2762C54A1F2002E6E3A /* DuplicateTimestampMenuBar */;
			targetProxy = 2C98A2952C54A1F5002E6E3A /* PBXContainerItemProxy */;
		};
/* End PBXTargetDependency section */

/* Begin XCBuildConfiguration section */
		2C98A29C2C54A1F5002E6E3A /* Debug */ = {
			isa = XCBuildConfiguration;
			buildSettings = {
				ALWAYS_SEARCH_USER_PATHS = NO;
				ASSETCATALOG_COMPILER_GENERATE_SWIFT_ASSET_SYMBOL_EXTENSIONS = YES;
				CLANG_ANALYZER_NONNULL = YES;
				CLANG_ANALYZER_NUMBER_OBJECT_CONVERSION = YES_AGGRESSIVE;
				CLANG_CXX_LANGUAGE_STANDARD = "gnu++20";
				CLANG_ENABLE_MODULES = YES;
				CLANG_ENABLE_OBJC_ARC = YES;
				CLANG_ENABLE_OBJC_WEAK = YES;
				CLANG_WARN_BLOCK_CAPTURE_AUTORELEASING = YES;
				CLANG_WARN_BOOL_CONVERSION = YES;
				CLANG_WARN_COMMA = YES;
				CLANG_WARN_CONSTANT_CONVERSION = YES;
				CLANG_WARN_DEPRECATED_OBJC_IMPLEMENTATIONS = YES;
				CLANG_WARN_DIRECT_OBJC_ISA_USAGE = YES_ERROR;
				CLANG_WARN_DOCUMENTATION_COMMENTS = YES;
				CLANG_WARN_EMPTY_BODY = YES;
				CLANG_WARN_ENUM_CONVERSION = YES;
				CLANG_WARN_INFINITE_RECURSION = YES;
				CLANG_WARN_INT_CONVERSION = YES;
				CLANG_WARN_NON_LITERAL_NULL_CONVERSION = YES;
				CLANG_WARN_OBJC_IMPLICIT_RETAIN_SELF = YES;
				CLANG_WARN_OBJC_LITERAL_CONVERSION = YES;
				CLANG_WARN_OBJC_ROOT_CLASS = YES_ERROR;
				CLANG_WARN_QUOTED_INCLUDE_IN_FRAMEWORK_HEADER = YES;
				CLANG_WARN_RANGE_LOOP_ANALYSIS = YES;
				CLANG_WARN_STRICT_PROTOTYPES = YES;
				CLANG_WARN_SUSPICIOUS_MOVE = YES;
				CLANG_WARN_UNGUARDED_AVAILABILITY = YES_AGGRESSIVE;
				CLANG_WARN_UNREACHABLE_CODE = YES;
				CLANG_WARN__DUPLICATE_METHOD_MATCH = YES;
				COPY_PHASE_STRIP = NO;
				DEBUG_INFORMATION_FORMAT = dwarf;
				ENABLE_STRICT_OBJC_MSGSEND = YES;
				ENABLE_TESTABILITY = YES;
				ENABLE_USER_SCRIPT_SANDBOXING = YES;
				GCC_C_LANGUAGE_STANDARD = gnu17;
				GCC_DYNAMIC_NO_PIC = NO;
				GCC_NO_COMMON_BLOCKS = YES;
				GCC_OPTIMIZATION_LEVEL = 0;
				GCC_PREPROCESSOR_DEFINITIONS = (
					"DEBUG=1",
					"$(inherited)",
				);
				GCC_WARN_64_TO_32_BIT_CONVERSION = YES;
				GCC_WARN_ABOUT_RETURN_TYPE = YES_ERROR;
				GCC_WARN_UNDECLARED_SELECTOR = YES;
				GCC_WARN_UNINITIALIZED_AUTOS = YES_AGGRESSIVE;
				GCC_WARN_UNUSED_FUNCTION = YES;
				GCC_WARN_UNUSED_VARIABLE = YES;
				LOCALIZATION_PREFERS_STRING_CATALOGS = YES;
				MACOSX_DEPLOYMENT_TARGET = 14.5;
				MTL_ENABLE_DEBUG_INFO = INCLUDE_SOURCE;
				MTL_FAST_MATH = YES;
				ONLY_ACTIVE_ARCH = YES;
				SDKROOT = macosx;
				SWIFT_ACTIVE_COMPILATION_CONDITIONS = "DEBUG $(inherited)";
				SWIFT_OPTIMIZATION_LEVEL = "-Onone";
			};
			name = Debug;
		};
		2C98A29D2C54A1F5002E6E3A /* Release */ = {
			isa = XCBuildConfiguration;
			buildSettings = {
				ALWAYS_SEARCH_USER_PATHS = NO;
				ASSETCATALOG_COMPILER_GENERATE_SWIFT_ASSET_SYMBOL_EXTENSIONS = YES;
				CLANG_ANALYZER_NONNULL = YES;
				CLANG_ANALYZER_NUMBER_OBJECT_CONVERSION = YES_AGGRESSIVE;
				CLANG_CXX_LANGUAGE_STANDARD = "gnu++20";
				CLANG_ENABLE_MODULES = YES;
				CLANG_ENABLE_OBJC_ARC = YES;
				CLANG_ENABLE_OBJC_WEAK = YES;
				CLANG_WARN_BLOCK_CAPTURE_AUTORELEASING = YES;
				CLANG_WARN_BOOL_CONVERSION = YES;
				CLANG_WARN_COMMA = YES;
				CLANG_WARN_CONSTANT_CONVERSION = YES;
				CLANG_WARN_DEPRECATED_OBJC_IMPLEMENTATIONS = YES;
				CLANG_WARN_DIRECT_OBJC_ISA_USAGE = YES_ERROR;
				CLANG_WARN_DOCUMENTATION_COMMENTS = YES;
				CLANG_WARN_EMPTY_BODY = YES;
				CLANG_WARN_ENUM_CONVERSION = YES;
				CLANG_WARN_INFINITE_RECURSION = YES;
				CLANG_WARN_INT_CONVERSION = YES;
				CLANG_WARN_NON_LITERAL_NULL_CONVERSION = YES;
				CLANG_WARN_OBJC_IMPLICIT_RETAIN_SELF = YES;
				CLANG_WARN_OBJC_LITERAL_CONVERSION = YES;
				CLANG_WARN_OBJC_ROOT_CLASS = YES_ERROR;
				CLANG_WARN_QUOTED_INCLUDE_IN_FRAMEWORK_HEADER = YES;
				CLANG_WARN_RANGE_LOOP_ANALYSIS = YES;
				CLANG_WARN_STRICT_PROTOTYPES = YES;
				CLANG_WARN_SUSPICIOUS_MOVE = YES;
				CLANG_WARN_UNGUARDED_AVAILABILITY = YES_AGGRESSIVE;
				CLANG_WARN_UNREACHABLE_CODE = YES;
				CLANG_WARN__DUPLICATE_METHOD_MATCH = YES;
				COPY_PHASE_STRIP = NO;
				DEBUG_INFORMATION_FORMAT = "dwarf-with-dsym";
				ENABLE_NS_ASSERTIONS = NO;
				ENABLE_STRICT_OBJC_MSGSEND = YES;
				ENABLE_USER_SCRIPT_SANDBOXING = YES;
				GCC_C_LANGUAGE_STANDARD = gnu17;
				GCC_NO_COMMON_BLOCKS = YES;
				GCC_WARN_64_TO_32_BIT_CONVERSION = YES;
				GCC_WARN_ABOUT_RETURN_TYPE = YES_ERROR;
				GCC_WARN_UNDECLARED_SELECTOR = YES;
				GCC_WARN_UNINITIALIZED_AUTOS = YES_AGGRESSIVE;
				GCC_WARN_UNUSED_FUNCTION = YES;
				GCC_WARN_UNUSED_VARIABLE = YES;
				LOCALIZATION_PREFERS_STRING_CATALOGS = YES;
				MACOSX_DEPLOYMENT_TARGET = 14.5;
				MTL_ENABLE_DEBUG_INFO = NO;
				MTL_FAST_MATH = YES;
				SDKROOT = macosx;
				SWIFT_COMPILATION_MODE = wholemodule;
			};
			name = Release;
		};
		2C98A29F2C54A1F5002E6E3A /* Debug */ = {
			isa = XCBuildConfiguration;
			buildSettings = {
				ASSETCATALOG_COMPILER_APPICON_NAME = AppIcon;
				ASSETCATALOG_COMPILER_GLOBAL_ACCENT_COLOR_NAME = AccentColor;
				CODE_SIGN_ENTITLEMENTS = DuplicateTimestampMenuBar/DuplicateTimestampMenuBar.entitlements;
				CODE_SIGN_IDENTITY = "Apple Development";
				"CODE_SIGN_IDENTITY[sdk=macosx*]" = "-";
				CODE_SIGN_STYLE = Automatic;
				COMBINE_HIDPI_IMAGES = YES;
				CURRENT_PROJECT_VERSION = 1;
				DEVELOPMENT_ASSET_PATHS = "\"DuplicateTimestampMenuBar/Preview Content\"";
				DEVELOPMENT_TEAM = 6RLN3QRWBQ;
				ENABLE_HARDENED_RUNTIME = YES;
				ENABLE_PREVIEWS = YES;
				GENERATE_INFOPLIST_FILE = YES;
				INFOPLIST_KEY_NSHumanReadableCopyright = "";
				LD_RUNPATH_SEARCH_PATHS = (
					"$(inherited)",
					"@executable_path/../Frameworks",
				);
				MACOSX_DEPLOYMENT_TARGET = 14.0;
				MARKETING_VERSION = 1.0;
				PRODUCT_BUNDLE_IDENTIFIER = ParkerToddBrooks.DuplicateTimestampMenuBar;
				PRODUCT_NAME = "$(TARGET_NAME)";
				PROVISIONING_PROFILE_SPECIFIER = "";
				SWIFT_EMIT_LOC_STRINGS = YES;
				SWIFT_VERSION = 5.0;
			};
			name = Debug;
		};
		2C98A2A02C54A1F5002E6E3A /* Release */ = {
			isa = XCBuildConfiguration;
			buildSettings = {
				ASSETCATALOG_COMPILER_APPICON_NAME = AppIcon;
				ASSETCATALOG_COMPILER_GLOBAL_ACCENT_COLOR_NAME = AccentColor;
				CODE_SIGN_ENTITLEMENTS = DuplicateTimestampMenuBar/DuplicateTimestampMenuBar.entitlements;
				CODE_SIGN_IDENTITY = "Apple Development";
				"CODE_SIGN_IDENTITY[sdk=macosx*]" = "-";
				CODE_SIGN_STYLE = Automatic;
				COMBINE_HIDPI_IMAGES = YES;
				CURRENT_PROJECT_VERSION = 1;
				DEVELOPMENT_ASSET_PATHS = "\"DuplicateTimestampMenuBar/Preview Content\"";
				DEVELOPMENT_TEAM = 6RLN3QRWBQ;
				ENABLE_HARDENED_RUNTIME = YES;
				ENABLE_PREVIEWS = YES;
				GENERATE_INFOPLIST_FILE = YES;
				INFOPLIST_KEY_NSHumanReadableCopyright = "";
				LD_RUNPATH_SEARCH_PATHS = (
					"$(inherited)",
					"@executable_path/../Frameworks",
				);
				MACOSX_DEPLOYMENT_TARGET = 14.0;
				MARKETING_VERSION = 1.0;
				PRODUCT_BUNDLE_IDENTIFIER = ParkerToddBrooks.DuplicateTimestampMenuBar;
				PRODUCT_NAME = "$(TARGET_NAME)";
				PROVISIONING_PROFILE_SPECIFIER = "";
				SWIFT_EMIT_LOC_STRINGS = YES;
				SWIFT_VERSION = 5.0;
			};
			name = Release;
		};
		2C98A2A22C54A1F5002E6E3A /* Debug */ = {
			isa = XCBuildConfiguration;
			buildSettings = {
				ALWAYS_EMBED_SWIFT_STANDARD_LIBRARIES = YES;
				BUNDLE_LOADER = "$(TEST_HOST)";
				CODE_SIGN_STYLE = Automatic;
				CURRENT_PROJECT_VERSION = 1;
				DEVELOPMENT_TEAM = 6RLN3QRWBQ;
				GENERATE_INFOPLIST_FILE = YES;
				MACOSX_DEPLOYMENT_TARGET = 14.0;
				MARKETING_VERSION = 1.0;
				PRODUCT_BUNDLE_IDENTIFIER = ParkerToddBrooks.DuplicateTimestampMenuBarTests;
				PRODUCT_NAME = "$(TARGET_NAME)";
				SWIFT_EMIT_LOC_STRINGS = NO;
				SWIFT_VERSION = 5.0;
				TEST_HOST = "$(BUILT_PRODUCTS_DIR)/DuplicateTimestampMenuBar.app/$(BUNDLE_EXECUTABLE_FOLDER_PATH)/DuplicateTimestampMenuBar";
			};
			name = Debug;
		};
		2C98A2A32C54A1F5002E6E3A /* Release */ = {
			isa = XCBuildConfiguration;
			buildSettings = {
				ALWAYS_EMBED_SWIFT_STANDARD_LIBRARIES = YES;
				BUNDLE_LOADER = "$(TEST_HOST)";
				CODE_SIGN_STYLE = Automatic;
				CURRENT_PROJECT_VERSION = 1;
				DEVELOPMENT_TEAM = 6RLN3QRWBQ;
				GENERATE_INFOPLIST_FILE = YES;
				MACOSX_DEPLOYMENT_TARGET = 14.0;
				MARKETING_VERSION = 1.0;
				PRODUCT_BUNDLE_IDENTIFIER = ParkerToddBrooks.DuplicateTimestampMenuBarTests;
				PRODUCT_NAME = "$(TARGET_NAME)";
				SWIFT_EMIT_LOC_STRINGS = NO;
				SWIFT_VERSION = 5.0;
				TEST_HOST = "$(BUILT_PRODUCTS_DIR)/DuplicateTimestampMenuBar.app/$(BUNDLE_EXECUTABLE_FOLDER_PATH)/DuplicateTimestampMenuBar";
			};
			name = Release;
		};
		2C98A2A52C54A1F5002E6E3A /* Debug */ = {
			isa = XCBuildConfiguration;
			buildSettings = {
				ALWAYS_EMBED_SWIFT_STANDARD_LIBRARIES = YES;
				CODE_SIGN_STYLE = Automatic;
				CURRENT_PROJECT_VERSION = 1;
				DEVELOPMENT_TEAM = 6RLN3QRWBQ;
				GENERATE_INFOPLIST_FILE = YES;
				MARKETING_VERSION = 1.0;
				PRODUCT_BUNDLE_IDENTIFIER = ParkerToddBrooks.DuplicateTimestampMenuBarUITests;
				PRODUCT_NAME = "$(TARGET_NAME)";
				SWIFT_EMIT_LOC_STRINGS = NO;
				SWIFT_VERSION = 5.0;
				TEST_TARGET_NAME = DuplicateTimestampMenuBar;
			};
			name = Debug;
		};
		2C98A2A62C54A1F5002E6E3A /* Release */ = {
			isa = XCBuildConfiguration;
			buildSettings = {
				ALWAYS_EMBED_SWIFT_STANDARD_LIBRARIES = YES;
				CODE_SIGN_STYLE = Automatic;
				CURRENT_PROJECT_VERSION = 1;
				DEVELOPMENT_TEAM = 6RLN3QRWBQ;
				GENERATE_INFOPLIST_FILE = YES;
				MARKETING_VERSION = 1.0;
				PRODUCT_BUNDLE_IDENTIFIER = ParkerToddBrooks.DuplicateTimestampMenuBarUITests;
				PRODUCT_NAME = "$(TARGET_NAME)";
				SWIFT_EMIT_LOC_STRINGS = NO;
				SWIFT_VERSION = 5.0;
				TEST_TARGET_NAME = DuplicateTimestampMenuBar;
			};
			name = Release;
		};
/* End XCBuildConfiguration section */

/* Begin XCConfigurationList section */
		2C98A2722C54A1F2002E6E3A /* Build configuration list for PBXProject "DuplicateTimestampMenuBar" */ = {
			isa = XCConfigurationList;
			buildConfigurations = (
				2C98A29C2C54A1F5002E6E3A /* Debug */,
				2C98A29D2C54A1F5002E6E3A /* Release */,
			);
			defaultConfigurationIsVisible = 0;
			defaultConfigurationName = Release;
		};
		2C98A29E2C54A1F5002E6E3A /* Build configuration list for PBXNativeTarget "DuplicateTimestampMenuBar" */ = {
			isa = XCConfigurationList;
			buildConfigurations = (
				2C98A29F2C54A1F5002E6E3A /* Debug */,
				2C98A2A02C54A1F5002E6E3A /* Release */,
			);
			defaultConfigurationIsVisible = 0;
			defaultConfigurationName = Release;
		};
		2C98A2A12C54A1F5002E6E3A /* Build configuration list for PBXNativeTarget "DuplicateTimestampMenuBarTests" */ = {
			isa = XCConfigurationList;
			buildConfigurations = (
				2C98A2A22C54A1F5002E6E3A /* Debug */,
				2C98A2A32C54A1F5002E6E3A /* Release */,
			);
			defaultConfigurationIsVisible = 0;
			defaultConfigurationName = Release;
		};
		2C98A2A42C54A1F5002E6E3A /* Build configuration list for PBXNativeTarget "DuplicateTimestampMenuBarUITests" */ = {
			isa = XCConfigurationList;
			buildConfigurations = (
				2C98A2A52C54A1F5002E6E3A /* Debug */,
				2C98A2A62C54A1F5002E6E3A /* Release */,
			);
			defaultConfigurationIsVisible = 0;
			defaultConfigurationName = Release;
		};
/* End XCConfigurationList section */
	};
	rootObject = 2C98A26F2C54A1F2002E6E3A /* Project object */;
}
